{
  "requires": true,
  "lockfileVersion": 1,
  "dependencies": {
    "tns-core-modules": {
      "version": "4.0.0-2018-05-18-02",
      "resolved": "https://registry.npmjs.org/tns-core-modules/-/tns-core-modules-4.0.0-2018-05-18-02.tgz",
      "integrity": "sha512-JGilxzvdMaQrs1zEqnPaH/JXS+IgAc/1KtywIRexIhgvWj1RTP/wLG74DeYCD4sZhGszj+4AqCQZotJcZhfFSg==",
      "requires": {
        "tns-core-modules-widgets": "4.0.0-2018-05-10-01"
      }
    },
    "tns-core-modules-widgets": {
      "version": "4.0.0-2018-05-10-01",
      "resolved": "https://registry.npmjs.org/tns-core-modules-widgets/-/tns-core-modules-widgets-4.0.0-2018-05-10-01.tgz",
      "integrity": "sha512-OdhRtqWyftseKKnVdDu2x4a0jbevFooVZvh6XInhOES5EdlkPRlQdQiiyOBltgHLzE4wvwO6BHR7yhmUJiKd+g=="
    }
  }
}
